
Microsoft Visual Studio Solution File, Format Version 12.00
# Visual Studio 15
VisualStudioVersion = 15.0.27004.2008
MinimumVisualStudioVersion = 10.0.40219.1
Project("{FAE04EC0-301F-11D3-BF4B-00C04F79EFBC}") = "LauncherMvvmLight", "LauncherMvvmLight\LauncherMvvmLight.csproj", "{A9199097-D160-43C4-A96F-703ABF797DBA}"
EndProject
Global
	GlobalSection(SolutionConfigurationPlatforms) = preSolution
		Debug|Any CPU = Debug|Any CPU
		Debug|x86 = Debug|x86
		Release|Any CPU = Release|Any CPU
		Release|x86 = Release|x86
	EndGlobalSection
	GlobalSection(ProjectConfigurationPlatforms) = postSolution
		{A9199097-D160-43C4-A96F-703ABF797DBA}.Debug|Any CPU.ActiveCfg = Debug|Any CPU
		{A9199097-D160-43C4-A96F-703ABF797DBA}.Debug|Any CPU.Build.0 = Debug|Any CPU
		{A9199097-D160-43C4-A96F-703ABF797DBA}.Debug|x86.ActiveCfg = Debug|Any CPU
		{A9199097-D160-43C4-A96F-703ABF797DBA}.Debug|x86.Build.0 = Debug|Any CPU
		{A9199097-D160-43C4-A96F-703ABF797DBA}.Release|Any CPU.ActiveCfg = Release|Any CPU
		{A9199097-D160-43C4-A96F-703ABF797DBA}.Release|Any CPU.Build.0 = Release|Any CPU
		{A9199097-D160-43C4-A96F-703ABF797DBA}.Release|x86.ActiveCfg = Release|Any CPU
		{A9199097-D160-43C4-A96F-703ABF797DBA}.Release|x86.Build.0 = Release|Any CPU
	EndGlobalSection
	GlobalSection(SolutionProperties) = preSolution
		HideSolutionNode = FALSE
	EndGlobalSection
	GlobalSection(ExtensibilityGlobals) = postSolution
		SolutionGuid = {B977CB90-4D36-4C2D-8FD1-2904521E71DB}
	EndGlobalSection
EndGlobal
